
Microsoft Visual Studio Solution File, Format Version 12.00
# Visual Studio 14
VisualStudioVersion = 14.0.25123.0
MinimumVisualStudioVersion = 10.0.40219.1
Project("{FAE04EC0-301F-11D3-BF4B-00C04F79EFBC}") = "Forecaster.Droid", "Forecaster\Forecaster.Droid\Forecaster.Droid.csproj", "{84BF5485-F721-420C-8A41-8C7A5BCED83A}"
EndProject
Project("{FAE04EC0-301F-11D3-BF4B-00C04F79EFBC}") = "Forecaster.iOS", "Forecaster\Forecaster.iOS\Forecaster.iOS.csproj", "{2522B11D-9389-4E2F-B7A5-FAC587CD7FEF}"
EndProject
Project("{FAE04EC0-301F-11D3-BF4B-00C04F79EFBC}") = "Forecaster", "Forecaster\Forecaster\Forecaster.csproj", "{9F7E73B3-313C-4F6C-8B87-86753BC81943}"
EndProject
Global
	GlobalSection(SolutionConfigurationPlatforms) = preSolution
		Ad-Hoc|Any CPU = Ad-Hoc|Any CPU
		Ad-Hoc|ARM = Ad-Hoc|ARM
		Ad-Hoc|iPhone = Ad-Hoc|iPhone
		Ad-Hoc|iPhoneSimulator = Ad-Hoc|iPhoneSimulator
		Ad-Hoc|x64 = Ad-Hoc|x64
		Ad-Hoc|x86 = Ad-Hoc|x86
		AppStore|Any CPU = AppStore|Any CPU
		AppStore|ARM = AppStore|ARM
		AppStore|iPhone = AppStore|iPhone
		AppStore|iPhoneSimulator = AppStore|iPhoneSimulator
		AppStore|x64 = AppStore|x64
		AppStore|x86 = AppStore|x86
		Debug|Any CPU = Debug|Any CPU
		Debug|ARM = Debug|ARM
		Debug|iPhone = Debug|iPhone
		Debug|iPhoneSimulator = Debug|iPhoneSimulator
		Debug|x64 = Debug|x64
		Debug|x86 = Debug|x86
		Release|Any CPU = Release|Any CPU
		Release|ARM = Release|ARM
		Release|iPhone = Release|iPhone
		Release|iPhoneSimulator = Release|iPhoneSimulator
		Release|x64 = Release|x64
		Release|x86 = Release|x86
	EndGlobalSection
	GlobalSection(ProjectConfigurationPlatforms) = postSolution
		{84BF5485-F721-420C-8A41-8C7A5BCED83A}.Ad-Hoc|Any CPU.ActiveCfg = Release|Any CPU
		{84BF5485-F721-420C-8A41-8C7A5BCED83A}.Ad-Hoc|Any CPU.Build.0 = Release|Any CPU
		{84BF5485-F721-420C-8A41-8C7A5BCED83A}.Ad-Hoc|Any CPU.Deploy.0 = Release|Any CPU
		{84BF5485-F721-420C-8A41-8C7A5BCED83A}.Ad-Hoc|ARM.ActiveCfg = Release|Any CPU
		{84BF5485-F721-420C-8A41-8C7A5BCED83A}.Ad-Hoc|ARM.Build.0 = Release|Any CPU
		{84BF5485-F721-420C-8A41-8C7A5BCED83A}.Ad-Hoc|ARM.Deploy.0 = Release|Any CPU
		{84BF5485-F721-420C-8A41-8C7A5BCED83A}.Ad-Hoc|iPhone.ActiveCfg = Release|Any CPU
		{84BF5485-F721-420C-8A41-8C7A5BCED83A}.Ad-Hoc|iPhone.Build.0 = Release|Any CPU
		{84BF5485-F721-420C-8A41-8C7A5BCED83A}.Ad-Hoc|iPhone.Deploy.0 = Release|Any CPU
		{84BF5485-F721-420C-8A41-8C7A5BCED83A}.Ad-Hoc|iPhoneSimulator.ActiveCfg = Release|Any CPU
		{84BF5485-F721-420C-8A41-8C7A5BCED83A}.Ad-Hoc|iPhoneSimulator.Build.0 = Release|Any CPU
		{84BF5485-F721-420C-8A41-8C7A5BCED83A}.Ad-Hoc|iPhoneSimulator.Deploy.0 = Release|Any CPU
		{84BF5485-F721-420C-8A41-8C7A5BCED83A}.Ad-Hoc|x64.ActiveCfg = Release|Any CPU
		{84BF5485-F721-420C-8A41-8C7A5BCED83A}.Ad-Hoc|x64.Build.0 = Release|Any CPU
		{84BF5485-F721-420C-8A41-8C7A5BCED83A}.Ad-Hoc|x64.Deploy.0 = Release|Any CPU
		{84BF5485-F721-420C-8A41-8C7A5BCED83A}.Ad-Hoc|x86.ActiveCfg = Release|Any CPU
		{84BF5485-F721-420C-8A41-8C7A5BCED83A}.Ad-Hoc|x86.Build.0 = Release|Any CPU
		{84BF5485-F721-420C-8A41-8C7A5BCED83A}.Ad-Hoc|x86.Deploy.0 = Release|Any CPU
		{84BF5485-F721-420C-8A41-8C7A5BCED83A}.AppStore|Any CPU.ActiveCfg = Release|Any CPU
		{84BF5485-F721-420C-8A41-8C7A5BCED83A}.AppStore|Any CPU.Build.0 = Release|Any CPU
		{84BF5485-F721-420C-8A41-8C7A5BCED83A}.AppStore|Any CPU.Deploy.0 = Release|Any CPU
		{84BF5485-F721-420C-8A41-8C7A5BCED83A}.AppStore|ARM.ActiveCfg = Release|Any CPU
		{84BF5485-F721-420C-8A41-8C7A5BCED83A}.AppStore|ARM.Build.0 = Release|Any CPU
		{84BF5485-F721-420C-8A41-8C7A5BCED83A}.AppStore|ARM.Deploy.0 = Release|Any CPU
		{84BF5485-F721-420C-8A41-8C7A5BCED83A}.AppStore|iPhone.ActiveCfg = Release|Any CPU
		{84BF5485-F721-420C-8A41-8C7A5BCED83A}.AppStore|iPhone.Build.0 = Release|Any CPU
		{84BF5485-F721-420C-8A41-8C7A5BCED83A}.AppStore|iPhone.Deploy.0 = Release|Any CPU
		{84BF5485-F721-420C-8A41-8C7A5BCED83A}.AppStore|iPhoneSimulator.ActiveCfg = Release|Any CPU
		{84BF5485-F721-420C-8A41-8C7A5BCED83A}.AppStore|iPhoneSimulator.Build.0 = Release|Any CPU
		{84BF5485-F721-420C-8A41-8C7A5BCED83A}.AppStore|iPhoneSimulator.Deploy.0 = Release|Any CPU
		{84BF5485-F721-420C-8A41-8C7A5BCED83A}.AppStore|x64.ActiveCfg = Release|Any CPU
		{84BF5485-F721-420C-8A41-8C7A5BCED83A}.AppStore|x64.Build.0 = Release|Any CPU
		{84BF5485-F721-420C-8A41-8C7A5BCED83A}.AppStore|x64.Deploy.0 = Release|Any CPU
		{84BF5485-F721-420C-8A41-8C7A5BCED83A}.AppStore|x86.ActiveCfg = Release|Any CPU
		{84BF5485-F721-420C-8A41-8C7A5BCED83A}.AppStore|x86.Build.0 = Release|Any CPU
		{84BF5485-F721-420C-8A41-8C7A5BCED83A}.AppStore|x86.Deploy.0 = Release|Any CPU
		{84BF5485-F721-420C-8A41-8C7A5BCED83A}.Debug|Any CPU.ActiveCfg = Debug|Any CPU
		{84BF5485-F721-420C-8A41-8C7A5BCED83A}.Debug|Any CPU.Build.0 = Debug|Any CPU
		{84BF5485-F721-420C-8A41-8C7A5BCED83A}.Debug|Any CPU.Deploy.0 = Debug|Any CPU
		{84BF5485-F721-420C-8A41-8C7A5BCED83A}.Debug|ARM.ActiveCfg = Debug|Any CPU
		{84BF5485-F721-420C-8A41-8C7A5BCED83A}.Debug|ARM.Build.0 = Debug|Any CPU
		{84BF5485-F721-420C-8A41-8C7A5BCED83A}.Debug|ARM.Deploy.0 = Debug|Any CPU
		{84BF5485-F721-420C-8A41-8C7A5BCED83A}.Debug|iPhone.ActiveCfg = Debug|Any CPU
		{84BF5485-F721-420C-8A41-8C7A5BCED83A}.Debug|iPhone.Build.0 = Debug|Any CPU
		{84BF5485-F721-420C-8A41-8C7A5BCED83A}.Debug|iPhone.Deploy.0 = Debug|Any CPU
		{84BF5485-F721-420C-8A41-8C7A5BCED83A}.Debug|iPhoneSimulator.ActiveCfg = Debug|Any CPU
		{84BF5485-F721-420C-8A41-8C7A5BCED83A}.Debug|iPhoneSimulator.Build.0 = Debug|Any CPU
		{84BF5485-F721-420C-8A41-8C7A5BCED83A}.Debug|iPhoneSimulator.Deploy.0 = Debug|Any CPU
		{84BF5485-F721-420C-8A41-8C7A5BCED83A}.Debug|x64.ActiveCfg = Debug|Any CPU
		{84BF5485-F721-420C-8A41-8C7A5BCED83A}.Debug|x64.Build.0 = Debug|Any CPU
		{84BF5485-F721-420C-8A41-8C7A5BCED83A}.Debug|x64.Deploy.0 = Debug|Any CPU
		{84BF5485-F721-420C-8A41-8C7A5BCED83A}.Debug|x86.ActiveCfg = Debug|Any CPU
		{84BF5485-F721-420C-8A41-8C7A5BCED83A}.Debug|x86.Build.0 = Debug|Any CPU
		{84BF5485-F721-420C-8A41-8C7A5BCED83A}.Debug|x86.Deploy.0 = Debug|Any CPU
		{84BF5485-F721-420C-8A41-8C7A5BCED83A}.Release|Any CPU.ActiveCfg = Release|Any CPU
		{84BF5485-F721-420C-8A41-8C7A5BCED83A}.Release|Any CPU.Build.0 = Release|Any CPU
		{84BF5485-F721-420C-8A41-8C7A5BCED83A}.Release|Any CPU.Deploy.0 = Release|Any CPU
		{84BF5485-F721-420C-8A41-8C7A5BCED83A}.Release|ARM.ActiveCfg = Release|Any CPU
		{84BF5485-F721-420C-8A41-8C7A5BCED83A}.Release|ARM.Build.0 = Release|Any CPU
		{84BF5485-F721-420C-8A41-8C7A5BCED83A}.Release|ARM.Deploy.0 = Release|Any CPU
		{84BF5485-F721-420C-8A41-8C7A5BCED83A}.Release|iPhone.ActiveCfg = Release|Any CPU
		{84BF5485-F721-420C-8A41-8C7A5BCED83A}.Release|iPhone.Build.0 = Release|Any CPU
		{84BF5485-F721-420C-8A41-8C7A5BCED83A}.Release|iPhone.Deploy.0 = Release|Any CPU
		{84BF5485-F721-420C-8A41-8C7A5BCED83A}.Release|iPhoneSimulator.ActiveCfg = Release|Any CPU
		{84BF5485-F721-420C-8A41-8C7A5BCED83A}.Release|iPhoneSimulator.Build.0 = Release|Any CPU
		{84BF5485-F721-420C-8A41-8C7A5BCED83A}.Release|iPhoneSimulator.Deploy.0 = Release|Any CPU
		{84BF5485-F721-420C-8A41-8C7A5BCED83A}.Release|x64.ActiveCfg = Release|Any CPU
		{84BF5485-F721-420C-8A41-8C7A5BCED83A}.Release|x64.Build.0 = Release|Any CPU
		{84BF5485-F721-420C-8A41-8C7A5BCED83A}.Release|x64.Deploy.0 = Release|Any CPU
		{84BF5485-F721-420C-8A41-8C7A5BCED83A}.Release|x86.ActiveCfg = Release|Any CPU
		{84BF5485-F721-420C-8A41-8C7A5BCED83A}.Release|x86.Build.0 = Release|Any CPU
		{84BF5485-F721-420C-8A41-8C7A5BCED83A}.Release|x86.Deploy.0 = Release|Any CPU
		{2522B11D-9389-4E2F-B7A5-FAC587CD7FEF}.Ad-Hoc|Any CPU.ActiveCfg = Ad-Hoc|iPhone
		{2522B11D-9389-4E2F-B7A5-FAC587CD7FEF}.Ad-Hoc|ARM.ActiveCfg = Ad-Hoc|iPhone
		{2522B11D-9389-4E2F-B7A5-FAC587CD7FEF}.Ad-Hoc|iPhone.ActiveCfg = Ad-Hoc|iPhone
		{2522B11D-9389-4E2F-B7A5-FAC587CD7FEF}.Ad-Hoc|iPhone.Build.0 = Ad-Hoc|iPhone
		{2522B11D-9389-4E2F-B7A5-FAC587CD7FEF}.Ad-Hoc|iPhoneSimulator.ActiveCfg = Ad-Hoc|iPhoneSimulator
		{2522B11D-9389-4E2F-B7A5-FAC587CD7FEF}.Ad-Hoc|iPhoneSimulator.Build.0 = Ad-Hoc|iPhoneSimulator
		{2522B11D-9389-4E2F-B7A5-FAC587CD7FEF}.Ad-Hoc|x64.ActiveCfg = Ad-Hoc|iPhone
		{2522B11D-9389-4E2F-B7A5-FAC587CD7FEF}.Ad-Hoc|x86.ActiveCfg = Ad-Hoc|iPhone
		{2522B11D-9389-4E2F-B7A5-FAC587CD7FEF}.AppStore|Any CPU.ActiveCfg = AppStore|iPhone
		{2522B11D-9389-4E2F-B7A5-FAC587CD7FEF}.AppStore|ARM.ActiveCfg = AppStore|iPhone
		{2522B11D-9389-4E2F-B7A5-FAC587CD7FEF}.AppStore|iPhone.ActiveCfg = AppStore|iPhone
		{2522B11D-9389-4E2F-B7A5-FAC587CD7FEF}.AppStore|iPhone.Build.0 = AppStore|iPhone
		{2522B11D-9389-4E2F-B7A5-FAC587CD7FEF}.AppStore|iPhoneSimulator.ActiveCfg = AppStore|iPhoneSimulator
		{2522B11D-9389-4E2F-B7A5-FAC587CD7FEF}.AppStore|iPhoneSimulator.Build.0 = AppStore|iPhoneSimulator
		{2522B11D-9389-4E2F-B7A5-FAC587CD7FEF}.AppStore|x64.ActiveCfg = AppStore|iPhone
		{2522B11D-9389-4E2F-B7A5-FAC587CD7FEF}.AppStore|x86.ActiveCfg = AppStore|iPhone
		{2522B11D-9389-4E2F-B7A5-FAC587CD7FEF}.Debug|Any CPU.ActiveCfg = Debug|iPhone
		{2522B11D-9389-4E2F-B7A5-FAC587CD7FEF}.Debug|ARM.ActiveCfg = Debug|iPhone
		{2522B11D-9389-4E2F-B7A5-FAC587CD7FEF}.Debug|iPhone.ActiveCfg = Debug|iPhone
		{2522B11D-9389-4E2F-B7A5-FAC587CD7FEF}.Debug|iPhone.Build.0 = Debug|iPhone
		{2522B11D-9389-4E2F-B7A5-FAC587CD7FEF}.Debug|iPhoneSimulator.ActiveCfg = Debug|iPhoneSimulator
		{2522B11D-9389-4E2F-B7A5-FAC587CD7FEF}.Debug|iPhoneSimulator.Build.0 = Debug|iPhoneSimulator
		{2522B11D-9389-4E2F-B7A5-FAC587CD7FEF}.Debug|x64.ActiveCfg = Debug|iPhone
		{2522B11D-9389-4E2F-B7A5-FAC587CD7FEF}.Debug|x86.ActiveCfg = Debug|iPhone
		{2522B11D-9389-4E2F-B7A5-FAC587CD7FEF}.Release|Any CPU.ActiveCfg = Release|iPhone
		{2522B11D-9389-4E2F-B7A5-FAC587CD7FEF}.Release|ARM.ActiveCfg = Release|iPhone
		{2522B11D-9389-4E2F-B7A5-FAC587CD7FEF}.Release|iPhone.ActiveCfg = Release|iPhone
		{2522B11D-9389-4E2F-B7A5-FAC587CD7FEF}.Release|iPhone.Build.0 = Release|iPhone
		{2522B11D-9389-4E2F-B7A5-FAC587CD7FEF}.Release|iPhoneSimulator.ActiveCfg = Release|iPhoneSimulator
		{2522B11D-9389-4E2F-B7A5-FAC587CD7FEF}.Release|iPhoneSimulator.Build.0 = Release|iPhoneSimulator
		{2522B11D-9389-4E2F-B7A5-FAC587CD7FEF}.Release|x64.ActiveCfg = Release|iPhone
		{2522B11D-9389-4E2F-B7A5-FAC587CD7FEF}.Release|x86.ActiveCfg = Release|iPhone
		{9F7E73B3-313C-4F6C-8B87-86753BC81943}.Ad-Hoc|Any CPU.ActiveCfg = Release|Any CPU
		{9F7E73B3-313C-4F6C-8B87-86753BC81943}.Ad-Hoc|Any CPU.Build.0 = Release|Any CPU
		{9F7E73B3-313C-4F6C-8B87-86753BC81943}.Ad-Hoc|ARM.ActiveCfg = Release|Any CPU
		{9F7E73B3-313C-4F6C-8B87-86753BC81943}.Ad-Hoc|ARM.Build.0 = Release|Any CPU
		{9F7E73B3-313C-4F6C-8B87-86753BC81943}.Ad-Hoc|iPhone.ActiveCfg = Release|Any CPU
		{9F7E73B3-313C-4F6C-8B87-86753BC81943}.Ad-Hoc|iPhone.Build.0 = Release|Any CPU
		{9F7E73B3-313C-4F6C-8B87-86753BC81943}.Ad-Hoc|iPhoneSimulator.ActiveCfg = Release|Any CPU
		{9F7E73B3-313C-4F6C-8B87-86753BC81943}.Ad-Hoc|iPhoneSimulator.Build.0 = Release|Any CPU
		{9F7E73B3-313C-4F6C-8B87-86753BC81943}.Ad-Hoc|x64.ActiveCfg = Release|Any CPU
		{9F7E73B3-313C-4F6C-8B87-86753BC81943}.Ad-Hoc|x64.Build.0 = Release|Any CPU
		{9F7E73B3-313C-4F6C-8B87-86753BC81943}.Ad-Hoc|x86.ActiveCfg = Release|Any CPU
		{9F7E73B3-313C-4F6C-8B87-86753BC81943}.Ad-Hoc|x86.Build.0 = Release|Any CPU
		{9F7E73B3-313C-4F6C-8B87-86753BC81943}.AppStore|Any CPU.ActiveCfg = Release|Any CPU
		{9F7E73B3-313C-4F6C-8B87-86753BC81943}.AppStore|Any CPU.Build.0 = Release|Any CPU
		{9F7E73B3-313C-4F6C-8B87-86753BC81943}.AppStore|ARM.ActiveCfg = Release|Any CPU
		{9F7E73B3-313C-4F6C-8B87-86753BC81943}.AppStore|ARM.Build.0 = Release|Any CPU
		{9F7E73B3-313C-4F6C-8B87-86753BC81943}.AppStore|iPhone.ActiveCfg = Release|Any CPU
		{9F7E73B3-313C-4F6C-8B87-86753BC81943}.AppStore|iPhone.Build.0 = Release|Any CPU
		{9F7E73B3-313C-4F6C-8B87-86753BC81943}.AppStore|iPhoneSimulator.ActiveCfg = Release|Any CPU
		{9F7E73B3-313C-4F6C-8B87-86753BC81943}.AppStore|iPhoneSimulator.Build.0 = Release|Any CPU
		{9F7E73B3-313C-4F6C-8B87-86753BC81943}.AppStore|x64.ActiveCfg = Release|Any CPU
		{9F7E73B3-313C-4F6C-8B87-86753BC81943}.AppStore|x64.Build.0 = Release|Any CPU
		{9F7E73B3-313C-4F6C-8B87-86753BC81943}.AppStore|x86.ActiveCfg = Release|Any CPU
		{9F7E73B3-313C-4F6C-8B87-86753BC81943}.AppStore|x86.Build.0 = Release|Any CPU
		{9F7E73B3-313C-4F6C-8B87-86753BC81943}.Debug|Any CPU.ActiveCfg = Debug|Any CPU
		{9F7E73B3-313C-4F6C-8B87-86753BC81943}.Debug|Any CPU.Build.0 = Debug|Any CPU
		{9F7E73B3-313C-4F6C-8B87-86753BC81943}.Debug|ARM.ActiveCfg = Debug|Any CPU
		{9F7E73B3-313C-4F6C-8B87-86753BC81943}.Debug|ARM.Build.0 = Debug|Any CPU
		{9F7E73B3-313C-4F6C-8B87-86753BC81943}.Debug|iPhone.ActiveCfg = Debug|Any CPU
		{9F7E73B3-313C-4F6C-8B87-86753BC81943}.Debug|iPhone.Build.0 = Debug|Any CPU
		{9F7E73B3-313C-4F6C-8B87-86753BC81943}.Debug|iPhoneSimulator.ActiveCfg = Debug|Any CPU
		{9F7E73B3-313C-4F6C-8B87-86753BC81943}.Debug|iPhoneSimulator.Build.0 = Debug|Any CPU
		{9F7E73B3-313C-4F6C-8B87-86753BC81943}.Debug|x64.ActiveCfg = Debug|Any CPU
		{9F7E73B3-313C-4F6C-8B87-86753BC81943}.Debug|x64.Build.0 = Debug|Any CPU
		{9F7E73B3-313C-4F6C-8B87-86753BC81943}.Debug|x86.ActiveCfg = Debug|Any CPU
		{9F7E73B3-313C-4F6C-8B87-86753BC81943}.Debug|x86.Build.0 = Debug|Any CPU
		{9F7E73B3-313C-4F6C-8B87-86753BC81943}.Release|Any CPU.ActiveCfg = Release|Any CPU
		{9F7E73B3-313C-4F6C-8B87-86753BC81943}.Release|Any CPU.Build.0 = Release|Any CPU
		{9F7E73B3-313C-4F6C-8B87-86753BC81943}.Release|ARM.ActiveCfg = Release|Any CPU
		{9F7E73B3-313C-4F6C-8B87-86753BC81943}.Release|ARM.Build.0 = Release|Any CPU
		{9F7E73B3-313C-4F6C-8B87-86753BC81943}.Release|iPhone.ActiveCfg = Release|Any CPU
		{9F7E73B3-313C-4F6C-8B87-86753BC81943}.Release|iPhone.Build.0 = Release|Any CPU
		{9F7E73B3-313C-4F6C-8B87-86753BC81943}.Release|iPhoneSimulator.ActiveCfg = Release|Any CPU
		{9F7E73B3-313C-4F6C-8B87-86753BC81943}.Release|iPhoneSimulator.Build.0 = Release|Any CPU
		{9F7E73B3-313C-4F6C-8B87-86753BC81943}.Release|x64.ActiveCfg = Release|Any CPU
		{9F7E73B3-313C-4F6C-8B87-86753BC81943}.Release|x64.Build.0 = Release|Any CPU
		{9F7E73B3-313C-4F6C-8B87-86753BC81943}.Release|x86.ActiveCfg = Release|Any CPU
		{9F7E73B3-313C-4F6C-8B87-86753BC81943}.Release|x86.Build.0 = Release|Any CPU
	EndGlobalSection
	GlobalSection(SolutionProperties) = preSolution
		HideSolutionNode = FALSE
	EndGlobalSection
EndGlobal
